
Microsoft Visual Studio Solution File, Format Version 12.00
Project("{FAE04EC0-301F-11D3-BF4B-00C04F79EFBC}") = "FileSystem", "FileSystem\FileSystem.csproj", "{E0CB7221-9837-4C24-85DC-832552BB758D}"
EndProject
Global
	GlobalSection(SolutionConfigurationPlatforms) = preSolution
		Debug|Any CPU = Debug|Any CPU
		Release|Any CPU = Release|Any CPU
	EndGlobalSection
	GlobalSection(ProjectConfigurationPlatforms) = postSolution
		{E0CB7221-9837-4C24-85DC-832552BB758D}.Debug|Any CPU.ActiveCfg = Debug|Any CPU
		{E0CB7221-9837-4C24-85DC-832552BB758D}.Debug|Any CPU.Build.0 = Debug|Any CPU
		{E0CB7221-9837-4C24-85DC-832552BB758D}.Release|Any CPU.ActiveCfg = Release|Any CPU
		{E0CB7221-9837-4C24-85DC-832552BB758D}.Release|Any CPU.Build.0 = Release|Any CPU
	EndGlobalSection
EndGlobal
